
Microsoft Visual Studio Solution File, Format Version 12.00
# Visual Studio Version 16
VisualStudioVersion = 16.0.30611.23
MinimumVisualStudioVersion = 10.0.40219.1
Project("{9A19103F-16F7-4668-BE54-9A1E7A4F7556}") = "PrimeNumbersAPITest", "PrimeNumbersAPITest\PrimeNumbersAPITest.csproj", "{16E9E3C6-A60D-4C1C-9861-858456A9A917}"
EndProject
Project("{9A19103F-16F7-4668-BE54-9A1E7A4F7556}") = "PrimeNumbersAPI", "PrimeNumbersAPI\PrimeNumbersAPI.csproj", "{C7D1BB37-01BE-415E-8427-534D49FA0B1E}"
EndProject
Global
	GlobalSection(SolutionConfigurationPlatforms) = preSolution
		Debug|Any CPU = Debug|Any CPU
		Release|Any CPU = Release|Any CPU
	EndGlobalSection
	GlobalSection(ProjectConfigurationPlatforms) = postSolution
		{16E9E3C6-A60D-4C1C-9861-858456A9A917}.Debug|Any CPU.ActiveCfg = Debug|Any CPU
		{16E9E3C6-A60D-4C1C-9861-858456A9A917}.Debug|Any CPU.Build.0 = Debug|Any CPU
		{16E9E3C6-A60D-4C1C-9861-858456A9A917}.Release|Any CPU.ActiveCfg = Release|Any CPU
		{16E9E3C6-A60D-4C1C-9861-858456A9A917}.Release|Any CPU.Build.0 = Release|Any CPU
		{C7D1BB37-01BE-415E-8427-534D49FA0B1E}.Debug|Any CPU.ActiveCfg = Debug|Any CPU
		{C7D1BB37-01BE-415E-8427-534D49FA0B1E}.Debug|Any CPU.Build.0 = Debug|Any CPU
		{C7D1BB37-01BE-415E-8427-534D49FA0B1E}.Release|Any CPU.ActiveCfg = Release|Any CPU
		{C7D1BB37-01BE-415E-8427-534D49FA0B1E}.Release|Any CPU.Build.0 = Release|Any CPU
	EndGlobalSection
	GlobalSection(SolutionProperties) = preSolution
		HideSolutionNode = FALSE
	EndGlobalSection
	GlobalSection(ExtensibilityGlobals) = postSolution
		SolutionGuid = {CFE60877-CB72-44EB-8BAD-C77049E89024}
	EndGlobalSection
EndGlobal
